
Microsoft Visual Studio Solution File, Format Version 12.00
# Visual Studio Version 17
VisualStudioVersion = 17.0.31903.59
MinimumVisualStudioVersion = 10.0.40219.1
Project("{2150E333-8FDC-42A3-9474-1A3956D46DE8}") = "Core", "Core", "{FEDD1C5B-E40C-4ED0-ADE5-6209376203D9}"
EndProject
Project("{FAE04EC0-301F-11D3-BF4B-00C04F79EFBC}") = "Omnicart.Domain", "Core\Omnicart.Domain\OmniCart.Domain.csproj", "{E10E6793-14BC-4E91-BC02-4257F574F731}"
EndProject
Project("{FAE04EC0-301F-11D3-BF4B-00C04F79EFBC}") = "OmniCart.Application", "Core\Omnicart.Application\Omnicart.Application.csproj", "{46CDEE0D-9E8E-4C8B-A1CF-6F2CA1DC91A9}"
EndProject
Project("{FAE04EC0-301F-11D3-BF4B-00C04F79EFBC}") = "OmniCart.Infrustructure", "Core\Omnicart.Infrustructure\Omnicart.Infrustructure.csproj", "{AFCC7574-F298-4E0A-890B-833B87A57B39}"
EndProject
Project("{2150E333-8FDC-42A3-9474-1A3956D46DE8}") = "Presentation", "Presentation", "{F5157CC8-C87E-4678-92F8-9CBC9671DD9D}"
EndProject
Project("{FAE04EC0-301F-11D3-BF4B-00C04F79EFBC}") = "OmniCart.API", "Presentation\OmniCart.API\OmniCart.API.csproj", "{A975B06A-0ED6-4441-89E1-2879119B0B6D}"
EndProject
Project("{2150E333-8FDC-42A3-9474-1A3956D46DE8}") = "Tests", "Tests", "{FAB5860A-281C-4AE9-9091-15E88DE3CB55}"
EndProject
Project("{FAE04EC0-301F-11D3-BF4B-00C04F79EFBC}") = "OmniCart.UnitTests", "Tests\OmniCart.UnitTests\OmniCart.UnitTests.csproj", "{1E48F571-7369-4180-B8EC-C6768E029439}"
EndProject
Global
	GlobalSection(SolutionConfigurationPlatforms) = preSolution
		Debug|Any CPU = Debug|Any CPU
		Release|Any CPU = Release|Any CPU
	EndGlobalSection
	GlobalSection(SolutionProperties) = preSolution
		HideSolutionNode = FALSE
	EndGlobalSection
	GlobalSection(ProjectConfigurationPlatforms) = postSolution
		{E10E6793-14BC-4E91-BC02-4257F574F731}.Debug|Any CPU.ActiveCfg = Debug|Any CPU
		{E10E6793-14BC-4E91-BC02-4257F574F731}.Debug|Any CPU.Build.0 = Debug|Any CPU
		{E10E6793-14BC-4E91-BC02-4257F574F731}.Release|Any CPU.ActiveCfg = Release|Any CPU
		{E10E6793-14BC-4E91-BC02-4257F574F731}.Release|Any CPU.Build.0 = Release|Any CPU
		{46CDEE0D-9E8E-4C8B-A1CF-6F2CA1DC91A9}.Debug|Any CPU.ActiveCfg = Debug|Any CPU
		{46CDEE0D-9E8E-4C8B-A1CF-6F2CA1DC91A9}.Debug|Any CPU.Build.0 = Debug|Any CPU
		{46CDEE0D-9E8E-4C8B-A1CF-6F2CA1DC91A9}.Release|Any CPU.ActiveCfg = Release|Any CPU
		{46CDEE0D-9E8E-4C8B-A1CF-6F2CA1DC91A9}.Release|Any CPU.Build.0 = Release|Any CPU
		{AFCC7574-F298-4E0A-890B-833B87A57B39}.Debug|Any CPU.ActiveCfg = Debug|Any CPU
		{AFCC7574-F298-4E0A-890B-833B87A57B39}.Debug|Any CPU.Build.0 = Debug|Any CPU
		{AFCC7574-F298-4E0A-890B-833B87A57B39}.Release|Any CPU.ActiveCfg = Release|Any CPU
		{AFCC7574-F298-4E0A-890B-833B87A57B39}.Release|Any CPU.Build.0 = Release|Any CPU
		{A975B06A-0ED6-4441-89E1-2879119B0B6D}.Debug|Any CPU.ActiveCfg = Debug|Any CPU
		{A975B06A-0ED6-4441-89E1-2879119B0B6D}.Debug|Any CPU.Build.0 = Debug|Any CPU
		{A975B06A-0ED6-4441-89E1-2879119B0B6D}.Release|Any CPU.ActiveCfg = Release|Any CPU
		{A975B06A-0ED6-4441-89E1-2879119B0B6D}.Release|Any CPU.Build.0 = Release|Any CPU
		{1E48F571-7369-4180-B8EC-C6768E029439}.Debug|Any CPU.ActiveCfg = Debug|Any CPU
		{1E48F571-7369-4180-B8EC-C6768E029439}.Debug|Any CPU.Build.0 = Debug|Any CPU
		{1E48F571-7369-4180-B8EC-C6768E029439}.Release|Any CPU.ActiveCfg = Release|Any CPU
		{1E48F571-7369-4180-B8EC-C6768E029439}.Release|Any CPU.Build.0 = Release|Any CPU
	EndGlobalSection
	GlobalSection(NestedProjects) = preSolution
		{E10E6793-14BC-4E91-BC02-4257F574F731} = {FEDD1C5B-E40C-4ED0-ADE5-6209376203D9}
		{46CDEE0D-9E8E-4C8B-A1CF-6F2CA1DC91A9} = {FEDD1C5B-E40C-4ED0-ADE5-6209376203D9}
		{AFCC7574-F298-4E0A-890B-833B87A57B39} = {FEDD1C5B-E40C-4ED0-ADE5-6209376203D9}
		{A975B06A-0ED6-4441-89E1-2879119B0B6D} = {F5157CC8-C87E-4678-92F8-9CBC9671DD9D}
		{1E48F571-7369-4180-B8EC-C6768E029439} = {FAB5860A-281C-4AE9-9091-15E88DE3CB55}
	EndGlobalSection
EndGlobal
